// !$*UTF8*$!
{
	archiveVersion = 1;
	classes = {
	};
	objectVersion = 50;
	objects = {

/* Begin PBXBuildFile section */
		8C8E2A222416AF4500E7446B /* AppDelegate.swift in Sources */ = {isa = PBXBuildFile; fileRef = 8C8E2A212416AF4500E7446B /* AppDelegate.swift */; };
		8C8E2A282416AF4500E7446B /* GameScene.swift in Sources */ = {isa = PBXBuildFile; fileRef = 8C8E2A272416AF4500E7446B /* GameScene.swift */; };
		8C8E2A2A2416AF4500E7446B /* GameViewController.swift in Sources */ = {isa = PBXBuildFile; fileRef = 8C8E2A292416AF4500E7446B /* GameViewController.swift */; };
		8C8E2A2D2416AF4500E7446B /* Main.storyboard in Resources */ = {isa = PBXBuildFile; fileRef = 8C8E2A2B2416AF4500E7446B /* Main.storyboard */; };
		8C8E2A2F2416AF4800E7446B /* Assets.xcassets in Resources */ = {isa = PBXBuildFile; fileRef = 8C8E2A2E2416AF4800E7446B /* Assets.xcassets */; };
		8C8E2A322416AF4800E7446B /* LaunchScreen.storyboard in Resources */ = {isa = PBXBuildFile; fileRef = 8C8E2A302416AF4800E7446B /* LaunchScreen.storyboard */; };
		8C8E2A3A2416B2DE00E7446B /* Apple.swift in Sources */ = {isa = PBXBuildFile; fileRef = 8C8E2A392416B2DE00E7446B /* Apple.swift */; };
		8C8E2A3D2416B41900E7446B /* SnakeBodyPart.swift in Sources */ = {isa = PBXBuildFile; fileRef = 8C8E2A3C2416B41900E7446B /* SnakeBodyPart.swift */; };
		8C8E2A3F2416B55800E7446B /* SnakeHead.swift in Sources */ = {isa = PBXBuildFile; fileRef = 8C8E2A3E2416B55800E7446B /* SnakeHead.swift */; };
		8C8E2A412416B5C800E7446B /* Snake.swift in Sources */ = {isa = PBXBuildFile; fileRef = 8C8E2A402416B5C800E7446B /* Snake.swift */; };
/* End PBXBuildFile section */

/* Begin PBXFileReference section */
		8C8E2A1E2416AF4500E7446B /* Snake.app */ = {isa = PBXFileReference; explicitFileType = wrapper.application; includeInIndex = 0; path = Snake.app; sourceTree = BUILT_PRODUCTS_DIR; };
		8C8E2A212416AF4500E7446B /* AppDelegate.swift */ = {isa = PBXFileReference; lastKnownFileType = sourcecode.swift; path = AppDelegate.swift; sourceTree = "<group>"; };
		8C8E2A272416AF4500E7446B /* GameScene.swift */ = {isa = PBXFileReference; lastKnownFileType = sourcecode.swift; path = GameScene.swift; sourceTree = "<group>"; };
		8C8E2A292416AF4500E7446B /* GameViewController.swift */ = {isa = PBXFileReference; lastKnownFileType = sourcecode.swift; path = GameViewController.swift; sourceTree = "<group>"; };
		8C8E2A2C2416AF4500E7446B /* Base */ = {isa = PBXFileReference; lastKnownFileType = file.storyboard; name = Base; path = Base.lproj/Main.storyboard; sourceTree = "<group>"; };
		8C8E2A2E2416AF4800E7446B /* Assets.xcassets */ = {isa = PBXFileReference; lastKnownFileType = folder.assetcatalog; path = Assets.xcassets; sourceTree = "<group>"; };
		8C8E2A312416AF4800E7446B /* Base */ = {isa = PBXFileReference; lastKnownFileType = file.storyboard; name = Base; path = Base.lproj/LaunchScreen.storyboard; sourceTree = "<group>"; };
		8C8E2A332416AF4800E7446B /* Info.plist */ = {isa = PBXFileReference; lastKnownFileType = text.plist.xml; path = Info.plist; sourceTree = "<group>"; };
		8C8E2A392416B2DE00E7446B /* Apple.swift */ = {isa = PBXFileReference; lastKnownFileType = sourcecode.swift; path = Apple.swift; sourceTree = "<group>"; };
		8C8E2A3C2416B41900E7446B /* SnakeBodyPart.swift */ = {isa = PBXFileReference; lastKnownFileType = sourcecode.swift; path = SnakeBodyPart.swift; sourceTree = "<group>"; };
		8C8E2A3E2416B55800E7446B /* SnakeHead.swift */ = {isa = PBXFileReference; lastKnownFileType = sourcecode.swift; path = SnakeHead.swift; sourceTree = "<group>"; };
		8C8E2A402416B5C800E7446B /* Snake.swift */ = {isa = PBXFileReference; lastKnownFileType = sourcecode.swift; path = Snake.swift; sourceTree = "<group>"; };
/* End PBXFileReference section */

/* Begin PBXFrameworksBuildPhase section */
		8C8E2A1B2416AF4500E7446B /* Frameworks */ = {
			isa = PBXFrameworksBuildPhase;
			buildActionMask = 2147483647;
			files = (
			);
			runOnlyForDeploymentPostprocessing = 0;
		};
/* End PBXFrameworksBuildPhase section */

/* Begin PBXGroup section */
		8C8E2A152416AF4500E7446B = {
			isa = PBXGroup;
			children = (
				8C8E2A202416AF4500E7446B /* Snake */,
				8C8E2A1F2416AF4500E7446B /* Products */,
			);
			sourceTree = "<group>";
		};
		8C8E2A1F2416AF4500E7446B /* Products */ = {
			isa = PBXGroup;
			children = (
				8C8E2A1E2416AF4500E7446B /* Snake.app */,
			);
			name = Products;
			sourceTree = "<group>";
		};
		8C8E2A202416AF4500E7446B /* Snake */ = {
			isa = PBXGroup;
			children = (
				8C8E2A212416AF4500E7446B /* AppDelegate.swift */,
				8C8E2A272416AF4500E7446B /* GameScene.swift */,
				8C8E2A292416AF4500E7446B /* GameViewController.swift */,
				8C8E2A2B2416AF4500E7446B /* Main.storyboard */,
				8C8E2A2E2416AF4800E7446B /* Assets.xcassets */,
				8C8E2A302416AF4800E7446B /* LaunchScreen.storyboard */,
				8C8E2A332416AF4800E7446B /* Info.plist */,
				8C8E2A392416B2DE00E7446B /* Apple.swift */,
				8C8E2A3C2416B41900E7446B /* SnakeBodyPart.swift */,
				8C8E2A3E2416B55800E7446B /* SnakeHead.swift */,
				8C8E2A402416B5C800E7446B /* Snake.swift */,
			);
			path = Snake;
			sourceTree = "<group>";
		};
/* End PBXGroup section */

/* Begin PBXNativeTarget section */
		8C8E2A1D2416AF4500E7446B /* Snake */ = {
			isa = PBXNativeTarget;
			buildConfigurationList = 8C8E2A362416AF4800E7446B /* Build configuration list for PBXNativeTarget "Snake" */;
			buildPhases = (
				8C8E2A1A2416AF4500E7446B /* Sources */,
				8C8E2A1B2416AF4500E7446B /* Frameworks */,
				8C8E2A1C2416AF4500E7446B /* Resources */,
			);
			buildRules = (
			);
			dependencies = (
			);
			name = Snake;
			productName = Snake;
			productReference = 8C8E2A1E2416AF4500E7446B /* Snake.app */;
			productType = "com.apple.product-type.application";
		};
/* End PBXNativeTarget section */

/* Begin PBXProject section */
		8C8E2A162416AF4500E7446B /* Project object */ = {
			isa = PBXProject;
			attributes = {
				LastSwiftUpdateCheck = 1120;
				LastUpgradeCheck = 1120;
				ORGANIZATIONNAME = "Владислав Фролов";
				TargetAttributes = {
					8C8E2A1D2416AF4500E7446B = {
						CreatedOnToolsVersion = 11.2.1;
					};
				};
			};
			buildConfigurationList = 8C8E2A192416AF4500E7446B /* Build configuration list for PBXProject "Snake" */;
			compatibilityVersion = "Xcode 9.3";
			developmentRegion = en;
			hasScannedForEncodings = 0;
			knownRegions = (
				en,
				Base,
			);
			mainGroup = 8C8E2A152416AF4500E7446B;
			productRefGroup = 8C8E2A1F2416AF4500E7446B /* Products */;
			projectDirPath = "";
			projectRoot = "";
			targets = (
				8C8E2A1D2416AF4500E7446B /* Snake */,
			);
		};
/* End PBXProject section */

/* Begin PBXResourcesBuildPhase section */
		8C8E2A1C2416AF4500E7446B /* Resources */ = {
			isa = PBXResourcesBuildPhase;
			buildActionMask = 2147483647;
			files = (
				8C8E2A2D2416AF4500E7446B /* Main.storyboard in Resources */,
				8C8E2A2F2416AF4800E7446B /* Assets.xcassets in Resources */,
				8C8E2A322416AF4800E7446B /* LaunchScreen.storyboard in Resources */,
			);
			runOnlyForDeploymentPostprocessing = 0;
		};
/* End PBXResourcesBuildPhase section */

/* Begin PBXSourcesBuildPhase section */
		8C8E2A1A2416AF4500E7446B /* Sources */ = {
			isa = PBXSourcesBuildPhase;
			buildActionMask = 2147483647;
			files = (
				8C8E2A3F2416B55800E7446B /* SnakeHead.swift in Sources */,
				8C8E2A3A2416B2DE00E7446B /* Apple.swift in Sources */,
				8C8E2A282416AF4500E7446B /* GameScene.swift in Sources */,
				8C8E2A2A2416AF4500E7446B /* GameViewController.swift in Sources */,
				8C8E2A3D2416B41900E7446B /* SnakeBodyPart.swift in Sources */,
				8C8E2A412416B5C800E7446B /* Snake.swift in Sources */,
				8C8E2A222416AF4500E7446B /* AppDelegate.swift in Sources */,
			);
			runOnlyForDeploymentPostprocessing = 0;
		};
/* End PBXSourcesBuildPhase section */

/* Begin PBXVariantGroup section */
		8C8E2A2B2416AF4500E7446B /* Main.storyboard */ = {
			isa = PBXVariantGroup;
			children = (
				8C8E2A2C2416AF4500E7446B /* Base */,
			);
			name = Main.storyboard;
			sourceTree = "<group>";
		};
		8C8E2A302416AF4800E7446B /* LaunchScreen.storyboard */ = {
			isa = PBXVariantGroup;
			children = (
				8C8E2A312416AF4800E7446B /* Base */,
			);
			name = LaunchScreen.storyboard;
			sourceTree = "<group>";
		};
/* End PBXVariantGroup section */

/* Begin XCBuildConfiguration section */
		8C8E2A342416AF4800E7446B /* Debug */ = {
			isa = XCBuildConfiguration;
			buildSettings = {
				ALWAYS_SEARCH_USER_PATHS = NO;
				CLANG_ANALYZER_NONNULL = YES;
				CLANG_ANALYZER_NUMBER_OBJECT_CONVERSION = YES_AGGRESSIVE;
				CLANG_CXX_LANGUAGE_STANDARD = "gnu++14";
				CLANG_CXX_LIBRARY = "libc++";
				CLANG_ENABLE_MODULES = YES;
				CLANG_ENABLE_OBJC_ARC = YES;
				CLANG_ENABLE_OBJC_WEAK = YES;
				CLANG_WARN_BLOCK_CAPTURE_AUTORELEASING = YES;
				CLANG_WARN_BOOL_CONVERSION = YES;
				CLANG_WARN_COMMA = YES;
				CLANG_WARN_CONSTANT_CONVERSION = YES;
				CLANG_WARN_DEPRECATED_OBJC_IMPLEMENTATIONS = YES;
				CLANG_WARN_DIRECT_OBJC_ISA_USAGE = YES_ERROR;
				CLANG_WARN_DOCUMENTATION_COMMENTS = YES;
				CLANG_WARN_EMPTY_BODY = YES;
				CLANG_WARN_ENUM_CONVERSION = YES;
				CLANG_WARN_INFINITE_RECURSION = YES;
				CLANG_WARN_INT_CONVERSION = YES;
				CLANG_WARN_NON_LITERAL_NULL_CONVERSION = YES;
				CLANG_WARN_OBJC_IMPLICIT_RETAIN_SELF = YES;
				CLANG_WARN_OBJC_LITERAL_CONVERSION = YES;
				CLANG_WARN_OBJC_ROOT_CLASS = YES_ERROR;
				CLANG_WARN_RANGE_LOOP_ANALYSIS = YES;
				CLANG_WARN_STRICT_PROTOTYPES = YES;
				CLANG_WARN_SUSPICIOUS_MOVE = YES;
				CLANG_WARN_UNGUARDED_AVAILABILITY = YES_AGGRESSIVE;
				CLANG_WARN_UNREACHABLE_CODE = YES;
				CLANG_WARN__DUPLICATE_METHOD_MATCH = YES;
				COPY_PHASE_STRIP = NO;
				DEBUG_INFORMATION_FORMAT = dwarf;
				ENABLE_STRICT_OBJC_MSGSEND = YES;
				ENABLE_TESTABILITY = YES;
				GCC_C_LANGUAGE_STANDARD = gnu11;
				GCC_DYNAMIC_NO_PIC = NO;
				GCC_NO_COMMON_BLOCKS = YES;
				GCC_OPTIMIZATION_LEVEL = 0;
				GCC_PREPROCESSOR_DEFINITIONS = (
					"DEBUG=1",
					"$(inherited)",
				);
				GCC_WARN_64_TO_32_BIT_CONVERSION = YES;
				GCC_WARN_ABOUT_RETURN_TYPE = YES_ERROR;
				GCC_WARN_UNDECLARED_SELECTOR = YES;
				GCC_WARN_UNINITIALIZED_AUTOS = YES_AGGRESSIVE;
				GCC_WARN_UNUSED_FUNCTION = YES;
				GCC_WARN_UNUSED_VARIABLE = YES;
				IPHONEOS_DEPLOYMENT_TARGET = 13.2;
				MTL_ENABLE_DEBUG_INFO = INCLUDE_SOURCE;
				MTL_FAST_MATH = YES;
				ONLY_ACTIVE_ARCH = YES;
				SDKROOT = iphoneos;
				SWIFT_ACTIVE_COMPILATION_CONDITIONS = DEBUG;
				SWIFT_OPTIMIZATION_LEVEL = "-Onone";
			};
			name = Debug;
		};
		8C8E2A352416AF4800E7446B /* Release */ = {
			isa = XCBuildConfiguration;
			buildSettings = {
				ALWAYS_SEARCH_USER_PATHS = NO;
				CLANG_ANALYZER_NONNULL = YES;
				CLANG_ANALYZER_NUMBER_OBJECT_CONVERSION = YES_AGGRESSIVE;
				CLANG_CXX_LANGUAGE_STANDARD = "gnu++14";
				CLANG_CXX_LIBRARY = "libc++";
				CLANG_ENABLE_MODULES = YES;
				CLANG_ENABLE_OBJC_ARC = YES;
				CLANG_ENABLE_OBJC_WEAK = YES;
				CLANG_WARN_BLOCK_CAPTURE_AUTORELEASING = YES;
				CLANG_WARN_BOOL_CONVERSION = YES;
				CLANG_WARN_COMMA = YES;
				CLANG_WARN_CONSTANT_CONVERSION = YES;
				CLANG_WARN_DEPRECATED_OBJC_IMPLEMENTATIONS = YES;
				CLANG_WARN_DIRECT_OBJC_ISA_USAGE = YES_ERROR;
				CLANG_WARN_DOCUMENTATION_COMMENTS = YES;
				CLANG_WARN_EMPTY_BODY = YES;
				CLANG_WARN_ENUM_CONVERSION = YES;
				CLANG_WARN_INFINITE_RECURSION = YES;
				CLANG_WARN_INT_CONVERSION = YES;
				CLANG_WARN_NON_LITERAL_NULL_CONVERSION = YES;
				CLANG_WARN_OBJC_IMPLICIT_RETAIN_SELF = YES;
				CLANG_WARN_OBJC_LITERAL_CONVERSION = YES;
				CLANG_WARN_OBJC_ROOT_CLASS = YES_ERROR;
				CLANG_WARN_RANGE_LOOP_ANALYSIS = YES;
				CLANG_WARN_STRICT_PROTOTYPES = YES;
				CLANG_WARN_SUSPICIOUS_MOVE = YES;
				CLANG_WARN_UNGUARDED_AVAILABILITY = YES_AGGRESSIVE;
				CLANG_WARN_UNREACHABLE_CODE = YES;
				CLANG_WARN__DUPLICATE_METHOD_MATCH = YES;
				COPY_PHASE_STRIP = NO;
				DEBUG_INFORMATION_FORMAT = "dwarf-with-dsym";
				ENABLE_NS_ASSERTIONS = NO;
				ENABLE_STRICT_OBJC_MSGSEND = YES;
				GCC_C_LANGUAGE_STANDARD = gnu11;
				GCC_NO_COMMON_BLOCKS = YES;
				GCC_WARN_64_TO_32_BIT_CONVERSION = YES;
				GCC_WARN_ABOUT_RETURN_TYPE = YES_ERROR;
				GCC_WARN_UNDECLARED_SELECTOR = YES;
				GCC_WARN_UNINITIALIZED_AUTOS = YES_AGGRESSIVE;
				GCC_WARN_UNUSED_FUNCTION = YES;
				GCC_WARN_UNUSED_VARIABLE = YES;
				IPHONEOS_DEPLOYMENT_TARGET = 13.2;
				MTL_ENABLE_DEBUG_INFO = NO;
				MTL_FAST_MATH = YES;
				SDKROOT = iphoneos;
				SWIFT_COMPILATION_MODE = wholemodule;
				SWIFT_OPTIMIZATION_LEVEL = "-O";
				VALIDATE_PRODUCT = YES;
			};
			name = Release;
		};
		8C8E2A372416AF4800E7446B /* Debug */ = {
			isa = XCBuildConfiguration;
			buildSettings = {
				ASSETCATALOG_COMPILER_APPICON_NAME = AppIcon;
				CODE_SIGN_STYLE = Automatic;
				DEVELOPMENT_TEAM = VSM5Z233VL;
				INFOPLIST_FILE = Snake/Info.plist;
				LD_RUNPATH_SEARCH_PATHS = (
					"$(inherited)",
					"@executable_path/Frameworks",
				);
				PRODUCT_BUNDLE_IDENTIFIER = VF.Snake;
				PRODUCT_NAME = "$(TARGET_NAME)";
				SWIFT_VERSION = 5.0;
				TARGETED_DEVICE_FAMILY = "1,2";
			};
			name = Debug;
		};
		8C8E2A382416AF4800E7446B /* Release */ = {
			isa = XCBuildConfiguration;
			buildSettings = {
				ASSETCATALOG_COMPILER_APPICON_NAME = AppIcon;
				CODE_SIGN_STYLE = Automatic;
				DEVELOPMENT_TEAM = VSM5Z233VL;
				INFOPLIST_FILE = Snake/Info.plist;
				LD_RUNPATH_SEARCH_PATHS = (
					"$(inherited)",
					"@executable_path/Frameworks",
				);
				PRODUCT_BUNDLE_IDENTIFIER = VF.Snake;
				PRODUCT_NAME = "$(TARGET_NAME)";
				SWIFT_VERSION = 5.0;
				TARGETED_DEVICE_FAMILY = "1,2";
			};
			name = Release;
		};
/* End XCBuildConfiguration section */

/* Begin XCConfigurationList section */
		8C8E2A192416AF4500E7446B /* Build configuration list for PBXProject "Snake" */ = {
			isa = XCConfigurationList;
			buildConfigurations = (
				8C8E2A342416AF4800E7446B /* Debug */,
				8C8E2A352416AF4800E7446B /* Release */,
			);
			defaultConfigurationIsVisible = 0;
			defaultConfigurationName = Release;
		};
		8C8E2A362416AF4800E7446B /* Build configuration list for PBXNativeTarget "Snake" */ = {
			isa = XCConfigurationList;
			buildConfigurations = (
				8C8E2A372416AF4800E7446B /* Debug */,
				8C8E2A382416AF4800E7446B /* Release */,
			);
			defaultConfigurationIsVisible = 0;
			defaultConfigurationName = Release;
		};
/* End XCConfigurationList section */
	};
	rootObject = 8C8E2A162416AF4500E7446B /* Project object */;
}
